
Microsoft Visual Studio Solution File, Format Version 12.00
# Visual Studio Version 17
VisualStudioVersion = 17.8.34511.84
MinimumVisualStudioVersion = 10.0.40219.1
Project("{FAE04EC0-301F-11D3-BF4B-00C04F79EFBC}") = "ReliancePayBank", "ReliancePayBank.csproj", "{5D061868-385B-4313-9481-AB6796F38827}"
EndProject
Global
	GlobalSection(SolutionConfigurationPlatforms) = preSolution
		Debug|Any CPU = Debug|Any CPU
		Release|Any CPU = Release|Any CPU
	EndGlobalSection
	GlobalSection(ProjectConfigurationPlatforms) = postSolution
		{5D061868-385B-4313-9481-AB6796F38827}.Debug|Any CPU.ActiveCfg = Debug|Any CPU
		{5D061868-385B-4313-9481-AB6796F38827}.Debug|Any CPU.Build.0 = Debug|Any CPU
		{5D061868-385B-4313-9481-AB6796F38827}.Release|Any CPU.ActiveCfg = Release|Any CPU
		{5D061868-385B-4313-9481-AB6796F38827}.Release|Any CPU.Build.0 = Release|Any CPU
	EndGlobalSection
	GlobalSection(SolutionProperties) = preSolution
		HideSolutionNode = FALSE
	EndGlobalSection
	GlobalSection(ExtensibilityGlobals) = postSolution
		SolutionGuid = {35A427C0-5255-4948-A432-9E6157214BB6}
	EndGlobalSection
EndGlobal
